{
  "name": "typescript",
  "version": "1.0.0",
  "lockfileVersion": 1,
  "dependencies": {
    "@types/underscore": {
      "version": "1.8.4",
      "resolved": "http://registry.npm.taobao.org/@types/underscore/download/@types/underscore-1.8.4.tgz",
      "integrity": "sha1-GH2kX+CJhtO+UPGqWP09RXJr8zY=",
      "dev": true
    }
  }
}
