{
  "name": "typescript demo",
  "version": "1.0.0",
  "lockfileVersion": 1,
  "requires": true,
  "dependencies": {
    "@types/underscore": {
      "version": "1.8.4",
      "resolved": "http://registry.npm.taobao.org/@types/underscore/download/@types/underscore-1.8.4.tgz",
      "integrity": "sha1-GH2kX+CJhtO+UPGqWP09RXJr8zY=",
      "dev": true
    },
    "typescript": {
      "version": "4.1.3",
      "resolved": "http://nodepackages.hellobike.cn:4873/typescript/-/typescript-4.1.3.tgz",
      "integrity": "sha1-UZ1YK9lMugz4k0x9joRn5HP1O7c=",
      "dev": true
    }
  }
}
